
Microsoft Visual Studio Solution File, Format Version 11.00
# Visual Studio 2010
Project("{FAE04EC0-301F-11D3-BF4B-00C04F79EFBC}") = "NHibernatePerformanceIssues", "NHibernatePerformanceIssues\NHibernatePerformanceIssues.csproj", "{C7620A41-6766-417D-A7C4-3CD835C88C7C}"
EndProject
Project("{2150E333-8FDC-42A3-9474-1A3956D46DE8}") = "Solution Items", "Solution Items", "{0245F2FF-5727-4572-87ED-FF3E8846E80A}"
	ProjectSection(SolutionItems) = preProject
		Local.testsettings = Local.testsettings
		NHibernatePerformanceIssues.vsmdi = NHibernatePerformanceIssues.vsmdi
		TraceAndTestImpact.testsettings = TraceAndTestImpact.testsettings
	EndProjectSection
EndProject
Project("{FAE04EC0-301F-11D3-BF4B-00C04F79EFBC}") = "NHibernatePerformanceIssuesTests", "NHibernatePerformanceIssuesTests\NHibernatePerformanceIssuesTests.csproj", "{BE7E5E7A-D3A6-4B8B-99CD-0765671A1F48}"
EndProject
Global
	GlobalSection(TestCaseManagementSettings) = postSolution
		CategoryFile = NHibernatePerformanceIssues.vsmdi
	EndGlobalSection
	GlobalSection(SolutionConfigurationPlatforms) = preSolution
		Debug|Any CPU = Debug|Any CPU
		Release|Any CPU = Release|Any CPU
	EndGlobalSection
	GlobalSection(ProjectConfigurationPlatforms) = postSolution
		{C7620A41-6766-417D-A7C4-3CD835C88C7C}.Debug|Any CPU.ActiveCfg = Debug|Any CPU
		{C7620A41-6766-417D-A7C4-3CD835C88C7C}.Debug|Any CPU.Build.0 = Debug|Any CPU
		{C7620A41-6766-417D-A7C4-3CD835C88C7C}.Release|Any CPU.ActiveCfg = Release|Any CPU
		{C7620A41-6766-417D-A7C4-3CD835C88C7C}.Release|Any CPU.Build.0 = Release|Any CPU
		{BE7E5E7A-D3A6-4B8B-99CD-0765671A1F48}.Debug|Any CPU.ActiveCfg = Debug|Any CPU
		{BE7E5E7A-D3A6-4B8B-99CD-0765671A1F48}.Debug|Any CPU.Build.0 = Debug|Any CPU
		{BE7E5E7A-D3A6-4B8B-99CD-0765671A1F48}.Release|Any CPU.ActiveCfg = Release|Any CPU
		{BE7E5E7A-D3A6-4B8B-99CD-0765671A1F48}.Release|Any CPU.Build.0 = Release|Any CPU
	EndGlobalSection
	GlobalSection(SolutionProperties) = preSolution
		HideSolutionNode = FALSE
	EndGlobalSection
EndGlobal
